
Microsoft Visual Studio Solution File, Format Version 12.00
# Visual Studio Version 17
VisualStudioVersion = 17.5.33424.131
MinimumVisualStudioVersion = 10.0.40219.1
Project("{FAE04EC0-301F-11D3-BF4B-00C04F79EFBC}") = "AutoService", "AutoService.csproj", "{0A2D82E1-87C0-4709-A9E6-E8A112EDBEA1}"
EndProject
Project("{FAE04EC0-301F-11D3-BF4B-00C04F79EFBC}") = "CarsLibrary", "..\CarsLibrary\CarsLibrary.csproj", "{C0E0915A-E7DD-4D56-9D39-48A7125B1B8B}"
EndProject
Project("{FAE04EC0-301F-11D3-BF4B-00C04F79EFBC}") = "ClientLibrary", "..\ClientLibrary\ClientLibrary.csproj", "{B7D5D113-928F-4482-8635-194902B3AA9A}"
EndProject
Project("{FAE04EC0-301F-11D3-BF4B-00C04F79EFBC}") = "ClientDataStorage", "..\ClientDataStorage\ClientDataStorage.csproj", "{04C33E02-866B-4BA6-9607-343E257CEC08}"
EndProject
Project("{FAE04EC0-301F-11D3-BF4B-00C04F79EFBC}") = "CarDataStorage", "..\CarDataStorage\CarDataStorage.csproj", "{4A5AF2D2-6762-4E6D-AEA2-E02FF3F252E5}"
EndProject
Project("{2150E333-8FDC-42A3-9474-1A3956D46DE8}") = "Solution Items", "Solution Items", "{7D459685-26CC-4EAF-8788-002D04BE5DFC}"
	ProjectSection(SolutionItems) = preProject
		Cars.txt = Cars.txt
	EndProjectSection
EndProject
Global
	GlobalSection(SolutionConfigurationPlatforms) = preSolution
		Debug|Any CPU = Debug|Any CPU
		Release|Any CPU = Release|Any CPU
	EndGlobalSection
	GlobalSection(ProjectConfigurationPlatforms) = postSolution
		{0A2D82E1-87C0-4709-A9E6-E8A112EDBEA1}.Debug|Any CPU.ActiveCfg = Debug|Any CPU
		{0A2D82E1-87C0-4709-A9E6-E8A112EDBEA1}.Debug|Any CPU.Build.0 = Debug|Any CPU
		{0A2D82E1-87C0-4709-A9E6-E8A112EDBEA1}.Release|Any CPU.ActiveCfg = Release|Any CPU
		{0A2D82E1-87C0-4709-A9E6-E8A112EDBEA1}.Release|Any CPU.Build.0 = Release|Any CPU
		{C0E0915A-E7DD-4D56-9D39-48A7125B1B8B}.Debug|Any CPU.ActiveCfg = Debug|Any CPU
		{C0E0915A-E7DD-4D56-9D39-48A7125B1B8B}.Debug|Any CPU.Build.0 = Debug|Any CPU
		{C0E0915A-E7DD-4D56-9D39-48A7125B1B8B}.Release|Any CPU.ActiveCfg = Release|Any CPU
		{C0E0915A-E7DD-4D56-9D39-48A7125B1B8B}.Release|Any CPU.Build.0 = Release|Any CPU
		{B7D5D113-928F-4482-8635-194902B3AA9A}.Debug|Any CPU.ActiveCfg = Debug|Any CPU
		{B7D5D113-928F-4482-8635-194902B3AA9A}.Debug|Any CPU.Build.0 = Debug|Any CPU
		{B7D5D113-928F-4482-8635-194902B3AA9A}.Release|Any CPU.ActiveCfg = Release|Any CPU
		{B7D5D113-928F-4482-8635-194902B3AA9A}.Release|Any CPU.Build.0 = Release|Any CPU
		{04C33E02-866B-4BA6-9607-343E257CEC08}.Debug|Any CPU.ActiveCfg = Debug|Any CPU
		{04C33E02-866B-4BA6-9607-343E257CEC08}.Debug|Any CPU.Build.0 = Debug|Any CPU
		{04C33E02-866B-4BA6-9607-343E257CEC08}.Release|Any CPU.ActiveCfg = Release|Any CPU
		{04C33E02-866B-4BA6-9607-343E257CEC08}.Release|Any CPU.Build.0 = Release|Any CPU
		{4A5AF2D2-6762-4E6D-AEA2-E02FF3F252E5}.Debug|Any CPU.ActiveCfg = Debug|Any CPU
		{4A5AF2D2-6762-4E6D-AEA2-E02FF3F252E5}.Debug|Any CPU.Build.0 = Debug|Any CPU
		{4A5AF2D2-6762-4E6D-AEA2-E02FF3F252E5}.Release|Any CPU.ActiveCfg = Release|Any CPU
		{4A5AF2D2-6762-4E6D-AEA2-E02FF3F252E5}.Release|Any CPU.Build.0 = Release|Any CPU
	EndGlobalSection
	GlobalSection(SolutionProperties) = preSolution
		HideSolutionNode = FALSE
	EndGlobalSection
	GlobalSection(ExtensibilityGlobals) = postSolution
		SolutionGuid = {19F9B06E-A024-4BFE-92F4-5D0E739B649A}
	EndGlobalSection
EndGlobal
